<Solution>
  <Project Path="LiminalSdk.csproj" />
  <Project Path="Unity.XR.Interaction.Toolkit.Samples.StarterAssets.csproj" />
  <Project Path="App000000000311.Editor.csproj" />
  <Project Path="Unity.XR.Interaction.Toolkit.Samples.Hands.csproj" />
  <Project Path="SteamVR.csproj" />
  <Project Path="App000000000311.csproj" />
  <Project Path="Editor.csproj" />
  <Project Path="Unity.XR.Management.Samples.csproj" />
  <Project Path="Oculus.VR.csproj" />
  <Project Path="SteamVR_Input_Editor.csproj" />
  <Project Path="Oculus.VR.Editor.csproj" />
  <Project Path="LimappDataContextAssembly.csproj" />
  <Project Path="Platform.csproj" />
  <Project Path="SteamVR_Editor.csproj" />
  <Project Path="Examples.csproj" />
  <Project Path="Oculus.VR.Scripts.Editor.csproj" />
  <Project Path="SteamVR_Actions.csproj" />
  <Project Path="Unity.XR.Management.Samples.Editor.csproj" />
  <Project Path="Unity.XR.Interaction.Toolkit.Samples.StarterAssets.Editor.csproj" />
  <Project Path="SteamVR_Windows_EditorHelper.csproj" />
  <Project Path="Unity.XR.Hands.Samples.VisualizerSample.csproj" />
  <Project Path="Unity.XR.Interaction.Toolkit.Samples.Hands.Editor.csproj" />
</Solution>
